
Microsoft Visual Studio Solution File, Format Version 12.00
# Visual Studio Version 16
VisualStudioVersion = 16.0.31112.23
MinimumVisualStudioVersion = 10.0.40219.1
Project("{888888A0-9F3D-457C-B088-3A5042F75D52}") = "RESPON_PDKP_MOD4_KEL35", "RESPON_PDKP_MOD4_KEL35\RESPON_PDKP_MOD4_KEL35.pyproj", "{F8D13369-8AEB-43C0-B389-ABAA78BB5739}"
EndProject
Global
	GlobalSection(SolutionConfigurationPlatforms) = preSolution
		Debug|Any CPU = Debug|Any CPU
		Release|Any CPU = Release|Any CPU
	EndGlobalSection
	GlobalSection(ProjectConfigurationPlatforms) = postSolution
		{F8D13369-8AEB-43C0-B389-ABAA78BB5739}.Debug|Any CPU.ActiveCfg = Debug|Any CPU
		{F8D13369-8AEB-43C0-B389-ABAA78BB5739}.Release|Any CPU.ActiveCfg = Release|Any CPU
	EndGlobalSection
	GlobalSection(SolutionProperties) = preSolution
		HideSolutionNode = FALSE
	EndGlobalSection
	GlobalSection(ExtensibilityGlobals) = postSolution
		SolutionGuid = {82867E43-A1C1-4F72-AE03-74B1511DB601}
	EndGlobalSection
EndGlobal
